<?xml version="1.0" encoding="utf-8"?>
<Project ToolsVersion="4.0" xmlns="http://schemas.microsoft.com/developer/msbuild/2003">
  <ItemGroup>
    <Filter Include="源文件">
      <UniqueIdentifier>{4FC737F1-C7A5-4376-A066-2A32D752A2FF}</UniqueIdentifier>
      <Extensions>cpp;c;cc;cxx;def;odl;idl;hpj;bat;asm;asmx</Extensions>
    </Filter>
    <Filter Include="头文件">
      <UniqueIdentifier>{93995380-89BD-4b04-88EB-625FBE52EBFB}</UniqueIdentifier>
      <Extensions>h;hh;hpp;hxx;hm;inl;inc;xsd</Extensions>
    </Filter>
    <Filter Include="资源文件">
      <UniqueIdentifier>{67DA6AB6-F800-4c08-8B7A-83BB121AAD01}</UniqueIdentifier>
      <Extensions>rc;ico;cur;bmp;dlg;rc2;rct;bin;rgs;gif;jpg;jpeg;jpe;resx;tiff;tif;png;wav;mfcribbon-ms</Extensions>
    </Filter>
    <Filter Include="源文件\cu">
      <UniqueIdentifier>{13cd9fa3-3c7a-425d-9c1e-acb2bb1efae4}</UniqueIdentifier>
    </Filter>
    <Filter Include="源文件\layers">
      <UniqueIdentifier>{9d5da2e9-4bdc-4895-a546-b522f720a4d0}</UniqueIdentifier>
    </Filter>
    <Filter Include="源文件\proto">
      <UniqueIdentifier>{273f0cb5-8a90-4671-af78-72ded1db67d6}</UniqueIdentifier>
    </Filter>
    <Filter Include="源文件\solvers">
      <UniqueIdentifier>{da507e67-9e3b-46b9-8e35-dd9363cd55a0}</UniqueIdentifier>
    </Filter>
    <Filter Include="源文件\util">
      <UniqueIdentifier>{68cc4684-0659-4c05-93d7-11e72e5bb9c9}</UniqueIdentifier>
    </Filter>
  </ItemGroup>
  <ItemGroup>
    <ClCompile Include="src\caffe\layers\absval_layer.cpp">
      <Filter>源文件\layers</Filter>
    </ClCompile>
    <ClCompile Include="src\caffe\layers\accuracy_layer.cpp">
      <Filter>源文件\layers</Filter>
    </ClCompile>
    <ClCompile Include="src\caffe\layers\argmax_layer.cpp">
      <Filter>源文件\layers</Filter>
    </ClCompile>
    <ClCompile Include="src\caffe\layers\base_conv_layer.cpp">
      <Filter>源文件\layers</Filter>
    </ClCompile>
    <ClCompile Include="src\caffe\layers\base_data_layer.cpp">
      <Filter>源文件\layers</Filter>
    </ClCompile>
    <ClCompile Include="src\caffe\layers\batch_norm_layer.cpp">
      <Filter>源文件\layers</Filter>
    </ClCompile>
    <ClCompile Include="src\caffe\layers\batch_reindex_layer.cpp">
      <Filter>源文件\layers</Filter>
    </ClCompile>
    <ClCompile Include="src\caffe\layers\bias_layer.cpp">
      <Filter>源文件\layers</Filter>
    </ClCompile>
    <ClCompile Include="src\caffe\layers\bnll_layer.cpp">
      <Filter>源文件\layers</Filter>
    </ClCompile>
    <ClCompile Include="src\caffe\layers\concat_layer.cpp">
      <Filter>源文件\layers</Filter>
    </ClCompile>
    <ClCompile Include="src\caffe\layers\contrastive_loss_layer.cpp">
      <Filter>源文件\layers</Filter>
    </ClCompile>
    <ClCompile Include="src\caffe\layers\conv_layer.cpp">
      <Filter>源文件\layers</Filter>
    </ClCompile>
    <ClCompile Include="src\caffe\layers\crop_layer.cpp">
      <Filter>源文件\layers</Filter>
    </ClCompile>
    <ClCompile Include="src\caffe\layers\cudnn_conv_layer.cpp">
      <Filter>源文件\layers</Filter>
    </ClCompile>
    <ClCompile Include="src\caffe\layers\cudnn_lcn_layer.cpp">
      <Filter>源文件\layers</Filter>
    </ClCompile>
    <ClCompile Include="src\caffe\layers\cudnn_lrn_layer.cpp">
      <Filter>源文件\layers</Filter>
    </ClCompile>
    <ClCompile Include="src\caffe\layers\cudnn_pooling_layer.cpp">
      <Filter>源文件\layers</Filter>
    </ClCompile>
    <ClCompile Include="src\caffe\layers\cudnn_relu_layer.cpp">
      <Filter>源文件\layers</Filter>
    </ClCompile>
    <ClCompile Include="src\caffe\layers\cudnn_sigmoid_layer.cpp">
      <Filter>源文件\layers</Filter>
    </ClCompile>
    <ClCompile Include="src\caffe\layers\cudnn_softmax_layer.cpp">
      <Filter>源文件\layers</Filter>
    </ClCompile>
    <ClCompile Include="src\caffe\layers\cudnn_tanh_layer.cpp">
      <Filter>源文件\layers</Filter>
    </ClCompile>
    <ClCompile Include="src\caffe\layers\data_layer.cpp">
      <Filter>源文件\layers</Filter>
    </ClCompile>
    <ClCompile Include="src\caffe\layers\deconv_layer.cpp">
      <Filter>源文件\layers</Filter>
    </ClCompile>
    <ClCompile Include="src\caffe\layers\dropout_layer.cpp">
      <Filter>源文件\layers</Filter>
    </ClCompile>
    <ClCompile Include="src\caffe\layers\dummy_data_layer.cpp">
      <Filter>源文件\layers</Filter>
    </ClCompile>
    <ClCompile Include="src\caffe\layers\eltwise_layer.cpp">
      <Filter>源文件\layers</Filter>
    </ClCompile>
    <ClCompile Include="src\caffe\layers\elu_layer.cpp">
      <Filter>源文件\layers</Filter>
    </ClCompile>
    <ClCompile Include="src\caffe\layers\embed_layer.cpp">
      <Filter>源文件\layers</Filter>
    </ClCompile>
    <ClCompile Include="src\caffe\layers\euclidean_loss_layer.cpp">
      <Filter>源文件\layers</Filter>
    </ClCompile>
    <ClCompile Include="src\caffe\layers\exp_layer.cpp">
      <Filter>源文件\layers</Filter>
    </ClCompile>
    <ClCompile Include="src\caffe\layers\filter_layer.cpp">
      <Filter>源文件\layers</Filter>
    </ClCompile>
    <ClCompile Include="src\caffe\layers\flatten_layer.cpp">
      <Filter>源文件\layers</Filter>
    </ClCompile>
    <ClCompile Include="src\caffe\layers\hdf5_data_layer.cpp">
      <Filter>源文件\layers</Filter>
    </ClCompile>
    <ClCompile Include="src\caffe\layers\hdf5_output_layer.cpp">
      <Filter>源文件\layers</Filter>
    </ClCompile>
    <ClCompile Include="src\caffe\layers\hinge_loss_layer.cpp">
      <Filter>源文件\layers</Filter>
    </ClCompile>
    <ClCompile Include="src\caffe\layers\im2col_layer.cpp">
      <Filter>源文件\layers</Filter>
    </ClCompile>
    <ClCompile Include="src\caffe\layers\image_data_layer.cpp">
      <Filter>源文件\layers</Filter>
    </ClCompile>
    <ClCompile Include="src\caffe\layers\infogain_loss_layer.cpp">
      <Filter>源文件\layers</Filter>
    </ClCompile>
    <ClCompile Include="src\caffe\layers\inner_product_layer.cpp">
      <Filter>源文件\layers</Filter>
    </ClCompile>
    <ClCompile Include="src\caffe\layers\input_layer.cpp">
      <Filter>源文件\layers</Filter>
    </ClCompile>
    <ClCompile Include="src\caffe\layers\log_layer.cpp">
      <Filter>源文件\layers</Filter>
    </ClCompile>
    <ClCompile Include="src\caffe\layers\loss_layer.cpp">
      <Filter>源文件\layers</Filter>
    </ClCompile>
    <ClCompile Include="src\caffe\layers\lrn_layer.cpp">
      <Filter>源文件\layers</Filter>
    </ClCompile>
    <ClCompile Include="src\caffe\layers\lstm_layer.cpp">
      <Filter>源文件\layers</Filter>
    </ClCompile>
    <ClCompile Include="src\caffe\layers\lstm_unit_layer.cpp">
      <Filter>源文件\layers</Filter>
    </ClCompile>
    <ClCompile Include="src\caffe\layers\memory_data_layer.cpp">
      <Filter>源文件\layers</Filter>
    </ClCompile>
    <ClCompile Include="src\caffe\layers\multinomial_logistic_loss_layer.cpp">
      <Filter>源文件\layers</Filter>
    </ClCompile>
    <ClCompile Include="src\caffe\layers\mvn_layer.cpp">
      <Filter>源文件\layers</Filter>
    </ClCompile>
    <ClCompile Include="src\caffe\layers\neuron_layer.cpp">
      <Filter>源文件\layers</Filter>
    </ClCompile>
    <ClCompile Include="src\caffe\layers\parameter_layer.cpp">
      <Filter>源文件\layers</Filter>
    </ClCompile>
    <ClCompile Include="src\caffe\layers\pooling_layer.cpp">
      <Filter>源文件\layers</Filter>
    </ClCompile>
    <ClCompile Include="src\caffe\layers\power_layer.cpp">
      <Filter>源文件\layers</Filter>
    </ClCompile>
    <ClCompile Include="src\caffe\layers\prelu_layer.cpp">
      <Filter>源文件\layers</Filter>
    </ClCompile>
    <ClCompile Include="src\caffe\layers\recurrent_layer.cpp">
      <Filter>源文件\layers</Filter>
    </ClCompile>
    <ClCompile Include="src\caffe\layers\reduction_layer.cpp">
      <Filter>源文件\layers</Filter>
    </ClCompile>
    <ClCompile Include="src\caffe\layers\relu_layer.cpp">
      <Filter>源文件\layers</Filter>
    </ClCompile>
    <ClCompile Include="src\caffe\layers\reshape_layer.cpp">
      <Filter>源文件\layers</Filter>
    </ClCompile>
    <ClCompile Include="src\caffe\layers\rnn_layer.cpp">
      <Filter>源文件\layers</Filter>
    </ClCompile>
    <ClCompile Include="src\caffe\layers\scale_layer.cpp">
      <Filter>源文件\layers</Filter>
    </ClCompile>
    <ClCompile Include="src\caffe\layers\sigmoid_cross_entropy_loss_layer.cpp">
      <Filter>源文件\layers</Filter>
    </ClCompile>
    <ClCompile Include="src\caffe\layers\sigmoid_layer.cpp">
      <Filter>源文件\layers</Filter>
    </ClCompile>
    <ClCompile Include="src\caffe\layers\silence_layer.cpp">
      <Filter>源文件\layers</Filter>
    </ClCompile>
    <ClCompile Include="src\caffe\layers\slice_layer.cpp">
      <Filter>源文件\layers</Filter>
    </ClCompile>
    <ClCompile Include="src\caffe\layers\softmax_layer.cpp">
      <Filter>源文件\layers</Filter>
    </ClCompile>
    <ClCompile Include="src\caffe\layers\softmax_loss_layer.cpp">
      <Filter>源文件\layers</Filter>
    </ClCompile>
    <ClCompile Include="src\caffe\layers\split_layer.cpp">
      <Filter>源文件\layers</Filter>
    </ClCompile>
    <ClCompile Include="src\caffe\layers\spp_layer.cpp">
      <Filter>源文件\layers</Filter>
    </ClCompile>
    <ClCompile Include="src\caffe\layers\tanh_layer.cpp">
      <Filter>源文件\layers</Filter>
    </ClCompile>
    <ClCompile Include="src\caffe\layers\threshold_layer.cpp">
      <Filter>源文件\layers</Filter>
    </ClCompile>
    <ClCompile Include="src\caffe\layers\tile_layer.cpp">
      <Filter>源文件\layers</Filter>
    </ClCompile>
    <ClCompile Include="src\caffe\layers\window_data_layer.cpp">
      <Filter>源文件\layers</Filter>
    </ClCompile>
    <ClCompile Include="src\caffe\util\benchmark.cpp">
      <Filter>源文件\util</Filter>
    </ClCompile>
    <ClCompile Include="src\caffe\util\blocking_queue.cpp">
      <Filter>源文件\util</Filter>
    </ClCompile>
    <ClCompile Include="src\caffe\util\cudnn.cpp">
      <Filter>源文件\util</Filter>
    </ClCompile>
    <ClCompile Include="src\caffe\util\db.cpp">
      <Filter>源文件\util</Filter>
    </ClCompile>
    <ClCompile Include="src\caffe\util\db_leveldb.cpp">
      <Filter>源文件\util</Filter>
    </ClCompile>
    <ClCompile Include="src\caffe\util\db_lmdb.cpp">
      <Filter>源文件\util</Filter>
    </ClCompile>
    <ClCompile Include="src\caffe\util\hdf5.cpp">
      <Filter>源文件\util</Filter>
    </ClCompile>
    <ClCompile Include="src\caffe\util\im2col.cpp">
      <Filter>源文件\util</Filter>
    </ClCompile>
    <ClCompile Include="src\caffe\util\insert_splits.cpp">
      <Filter>源文件\util</Filter>
    </ClCompile>
    <ClCompile Include="src\caffe\util\io.cpp">
      <Filter>源文件\util</Filter>
    </ClCompile>
    <ClCompile Include="src\caffe\util\math_functions.cpp">
      <Filter>源文件\util</Filter>
    </ClCompile>
    <ClCompile Include="src\caffe\util\signal_handler.cpp">
      <Filter>源文件\util</Filter>
    </ClCompile>
    <ClCompile Include="src\caffe\util\upgrade_proto.cpp">
      <Filter>源文件\util</Filter>
    </ClCompile>
    <ClCompile Include="src\caffe\solvers\adadelta_solver.cpp">
      <Filter>源文件\solvers</Filter>
    </ClCompile>
    <ClCompile Include="src\caffe\solvers\adagrad_solver.cpp">
      <Filter>源文件\solvers</Filter>
    </ClCompile>
    <ClCompile Include="src\caffe\solvers\adam_solver.cpp">
      <Filter>源文件\solvers</Filter>
    </ClCompile>
    <ClCompile Include="src\caffe\solvers\nesterov_solver.cpp">
      <Filter>源文件\solvers</Filter>
    </ClCompile>
    <ClCompile Include="src\caffe\solvers\rmsprop_solver.cpp">
      <Filter>源文件\solvers</Filter>
    </ClCompile>
    <ClCompile Include="src\caffe\solvers\sgd_solver.cpp">
      <Filter>源文件\solvers</Filter>
    </ClCompile>
    <ClCompile Include="src\caffe\proto\caffe.pb.cc">
      <Filter>源文件\proto</Filter>
    </ClCompile>
    <ClCompile Include="src\caffe\blob.cpp">
      <Filter>源文件</Filter>
    </ClCompile>
    <ClCompile Include="src\caffe\common.cpp">
      <Filter>源文件</Filter>
    </ClCompile>
    <ClCompile Include="src\caffe\data_transformer.cpp">
      <Filter>源文件</Filter>
    </ClCompile>
    <ClCompile Include="src\caffe\internal_thread.cpp">
      <Filter>源文件</Filter>
    </ClCompile>
    <ClCompile Include="src\caffe\layer.cpp">
      <Filter>源文件</Filter>
    </ClCompile>
    <ClCompile Include="src\caffe\layer_factory.cpp">
      <Filter>源文件</Filter>
    </ClCompile>
    <ClCompile Include="src\caffe\net.cpp">
      <Filter>源文件</Filter>
    </ClCompile>
    <ClCompile Include="src\caffe\parallel.cpp">
      <Filter>源文件</Filter>
    </ClCompile>
    <ClCompile Include="src\caffe\solver.cpp">
      <Filter>源文件</Filter>
    </ClCompile>
    <ClCompile Include="src\caffe\syncedmem.cpp">
      <Filter>源文件</Filter>
    </ClCompile>
    <ClCompile Include="src\caffe\layers\annotated_data_layer.cpp">
      <Filter>源文件\layers</Filter>
    </ClCompile>
    <ClCompile Include="src\caffe\layers\detection_evaluate_layer.cpp">
      <Filter>源文件\layers</Filter>
    </ClCompile>
    <ClCompile Include="src\caffe\layers\detection_output_layer.cpp">
      <Filter>源文件\layers</Filter>
    </ClCompile>
    <ClCompile Include="src\caffe\layers\multibox_loss_layer.cpp">
      <Filter>源文件\layers</Filter>
    </ClCompile>
    <ClCompile Include="src\caffe\layers\normalize_layer.cpp">
      <Filter>源文件\layers</Filter>
    </ClCompile>
    <ClCompile Include="src\caffe\layers\permute_layer.cpp">
      <Filter>源文件\layers</Filter>
    </ClCompile>
    <ClCompile Include="src\caffe\layers\prior_box_layer.cpp">
      <Filter>源文件\layers</Filter>
    </ClCompile>
    <ClCompile Include="src\caffe\layers\smooth_L1_loss_layer.cpp">
      <Filter>源文件\layers</Filter>
    </ClCompile>
    <ClCompile Include="src\caffe\layers\video_data_layer.cpp">
      <Filter>源文件\layers</Filter>
    </ClCompile>
    <ClCompile Include="src\caffe\util\bbox_util.cpp">
      <Filter>源文件\util</Filter>
    </ClCompile>
    <ClCompile Include="src\caffe\util\im_transforms.cpp">
      <Filter>源文件\util</Filter>
    </ClCompile>
    <ClCompile Include="src\caffe\util\sampler.cpp">
      <Filter>源文件\util</Filter>
    </ClCompile>
    <ClCompile Include="src\caffe\data_reader.cpp">
      <Filter>源文件</Filter>
    </ClCompile>
    <ClCompile Include="_caffe.cpp">
      <Filter>源文件</Filter>
    </ClCompile>
  </ItemGroup>
</Project>